
Microsoft Visual Studio Solution File, Format Version 12.00
# Visual Studio Version 16
VisualStudioVersion = 16.0.30114.105
MinimumVisualStudioVersion = 10.0.40219.1
Project("{FAE04EC0-301F-11D3-BF4B-00C04F79EFBC}") = "API", "API\API.csproj", "{D4C8AC83-FA27-4AEE-846B-046601405152}"
EndProject
Project("{FAE04EC0-301F-11D3-BF4B-00C04F79EFBC}") = "Core", "Core\Core.csproj", "{EAEA4B70-E19B-46D0-8884-8B03E05394BB}"
EndProject
Project("{FAE04EC0-301F-11D3-BF4B-00C04F79EFBC}") = "Infrastructure", "Infrastructure\Infrastructure.csproj", "{5D5560E5-E107-4738-A86B-20AA9C078D5F}"
EndProject
Global
	GlobalSection(SolutionConfigurationPlatforms) = preSolution
		Debug|Any CPU = Debug|Any CPU
		Release|Any CPU = Release|Any CPU
	EndGlobalSection
	GlobalSection(SolutionProperties) = preSolution
		HideSolutionNode = FALSE
	EndGlobalSection
	GlobalSection(ProjectConfigurationPlatforms) = postSolution
		{D4C8AC83-FA27-4AEE-846B-046601405152}.Debug|Any CPU.ActiveCfg = Debug|Any CPU
		{D4C8AC83-FA27-4AEE-846B-046601405152}.Debug|Any CPU.Build.0 = Debug|Any CPU
		{D4C8AC83-FA27-4AEE-846B-046601405152}.Release|Any CPU.ActiveCfg = Release|Any CPU
		{D4C8AC83-FA27-4AEE-846B-046601405152}.Release|Any CPU.Build.0 = Release|Any CPU
		{EAEA4B70-E19B-46D0-8884-8B03E05394BB}.Debug|Any CPU.ActiveCfg = Debug|Any CPU
		{EAEA4B70-E19B-46D0-8884-8B03E05394BB}.Debug|Any CPU.Build.0 = Debug|Any CPU
		{EAEA4B70-E19B-46D0-8884-8B03E05394BB}.Release|Any CPU.ActiveCfg = Release|Any CPU
		{EAEA4B70-E19B-46D0-8884-8B03E05394BB}.Release|Any CPU.Build.0 = Release|Any CPU
		{5D5560E5-E107-4738-A86B-20AA9C078D5F}.Debug|Any CPU.ActiveCfg = Debug|Any CPU
		{5D5560E5-E107-4738-A86B-20AA9C078D5F}.Debug|Any CPU.Build.0 = Debug|Any CPU
		{5D5560E5-E107-4738-A86B-20AA9C078D5F}.Release|Any CPU.ActiveCfg = Release|Any CPU
		{5D5560E5-E107-4738-A86B-20AA9C078D5F}.Release|Any CPU.Build.0 = Release|Any CPU
	EndGlobalSection
EndGlobal
